// !$*UTF8*$!
{
	archiveVersion = 1;
	classes = {
	};
	objectVersion = 46;
	objects = {

/* Begin PBXBuildFile section */
		84171FB31CD1B0CF0034DA4D /* AppDelegate.swift in Sources */ = {isa = PBXBuildFile; fileRef = 84171FB21CD1B0CF0034DA4D /* AppDelegate.swift */; };
		84171FB51CD1B0CF0034DA4D /* ViewController.swift in Sources */ = {isa = PBXBuildFile; fileRef = 84171FB41CD1B0CF0034DA4D /* ViewController.swift */; };
		84171FB81CD1B0CF0034DA4D /* Main.storyboard in Resources */ = {isa = PBXBuildFile; fileRef = 84171FB61CD1B0CF0034DA4D /* Main.storyboard */; };
		84171FBA1CD1B0CF0034DA4D /* Assets.xcassets in Resources */ = {isa = PBXBuildFile; fileRef = 84171FB91CD1B0CF0034DA4D /* Assets.xcassets */; };
		84171FBD1CD1B0CF0034DA4D /* LaunchScreen.storyboard in Resources */ = {isa = PBXBuildFile; fileRef = 84171FBB1CD1B0CF0034DA4D /* LaunchScreen.storyboard */; };
		84171FC81CD1B0CF0034DA4D /* AboutMeTests.swift in Sources */ = {isa = PBXBuildFile; fileRef = 84171FC71CD1B0CF0034DA4D /* AboutMeTests.swift */; };
		84171FD31CD1B0CF0034DA4D /* AboutMeUITests.swift in Sources */ = {isa = PBXBuildFile; fileRef = 84171FD21CD1B0CF0034DA4D /* AboutMeUITests.swift */; };
/* End PBXBuildFile section */

/* Begin PBXContainerItemProxy section */
		84171FC41CD1B0CF0034DA4D /* PBXContainerItemProxy */ = {
			isa = PBXContainerItemProxy;
			containerPortal = 84171FA71CD1B0CF0034DA4D /* Project object */;
			proxyType = 1;
			remoteGlobalIDString = 84171FAE1CD1B0CF0034DA4D;
			remoteInfo = AboutMe;
		};
		84171FCF1CD1B0CF0034DA4D /* PBXContainerItemProxy */ = {
			isa = PBXContainerItemProxy;
			containerPortal = 84171FA71CD1B0CF0034DA4D /* Project object */;
			proxyType = 1;
			remoteGlobalIDString = 84171FAE1CD1B0CF0034DA4D;
			remoteInfo = AboutMe;
		};
/* End PBXContainerItemProxy section */

/* Begin PBXFileReference section */
		84171FAF1CD1B0CF0034DA4D /* AboutMe.app */ = {isa = PBXFileReference; explicitFileType = wrapper.application; includeInIndex = 0; path = AboutMe.app; sourceTree = BUILT_PRODUCTS_DIR; };
		84171FB21CD1B0CF0034DA4D /* AppDelegate.swift */ = {isa = PBXFileReference; lastKnownFileType = sourcecode.swift; path = AppDelegate.swift; sourceTree = "<group>"; };
		84171FB41CD1B0CF0034DA4D /* ViewController.swift */ = {isa = PBXFileReference; lastKnownFileType = sourcecode.swift; path = ViewController.swift; sourceTree = "<group>"; };
		84171FB71CD1B0CF0034DA4D /* Base */ = {isa = PBXFileReference; lastKnownFileType = file.storyboard; name = Base; path = Base.lproj/Main.storyboard; sourceTree = "<group>"; };
		84171FB91CD1B0CF0034DA4D /* Assets.xcassets */ = {isa = PBXFileReference; lastKnownFileType = folder.assetcatalog; path = Assets.xcassets; sourceTree = "<group>"; };
		84171FBC1CD1B0CF0034DA4D /* Base */ = {isa = PBXFileReference; lastKnownFileType = file.storyboard; name = Base; path = Base.lproj/LaunchScreen.storyboard; sourceTree = "<group>"; };
		84171FBE1CD1B0CF0034DA4D /* Info.plist */ = {isa = PBXFileReference; lastKnownFileType = text.plist.xml; path = Info.plist; sourceTree = "<group>"; };
		84171FC31CD1B0CF0034DA4D /* AboutMeTests.xctest */ = {isa = PBXFileReference; explicitFileType = wrapper.cfbundle; includeInIndex = 0; path = AboutMeTests.xctest; sourceTree = BUILT_PRODUCTS_DIR; };
		84171FC71CD1B0CF0034DA4D /* AboutMeTests.swift */ = {isa = PBXFileReference; lastKnownFileType = sourcecode.swift; path = AboutMeTests.swift; sourceTree = "<group>"; };
		84171FC91CD1B0CF0034DA4D /* Info.plist */ = {isa = PBXFileReference; lastKnownFileType = text.plist.xml; path = Info.plist; sourceTree = "<group>"; };
		84171FCE1CD1B0CF0034DA4D /* AboutMeUITests.xctest */ = {isa = PBXFileReference; explicitFileType = wrapper.cfbundle; includeInIndex = 0; path = AboutMeUITests.xctest; sourceTree = BUILT_PRODUCTS_DIR; };
		84171FD21CD1B0CF0034DA4D /* AboutMeUITests.swift */ = {isa = PBXFileReference; lastKnownFileType = sourcecode.swift; path = AboutMeUITests.swift; sourceTree = "<group>"; };
		84171FD41CD1B0CF0034DA4D /* Info.plist */ = {isa = PBXFileReference; lastKnownFileType = text.plist.xml; path = Info.plist; sourceTree = "<group>"; };
/* End PBXFileReference section */

/* Begin PBXFrameworksBuildPhase section */
		84171FAC1CD1B0CF0034DA4D /* Frameworks */ = {
			isa = PBXFrameworksBuildPhase;
			buildActionMask = 2147483647;
			files = (
			);
			runOnlyForDeploymentPostprocessing = 0;
		};
		84171FC01CD1B0CF0034DA4D /* Frameworks */ = {
			isa = PBXFrameworksBuildPhase;
			buildActionMask = 2147483647;
			files = (
			);
			runOnlyForDeploymentPostprocessing = 0;
		};
		84171FCB1CD1B0CF0034DA4D /* Frameworks */ = {
			isa = PBXFrameworksBuildPhase;
			buildActionMask = 2147483647;
			files = (
			);
			runOnlyForDeploymentPostprocessing = 0;
		};
/* End PBXFrameworksBuildPhase section */

/* Begin PBXGroup section */
		84171FA61CD1B0CF0034DA4D = {
			isa = PBXGroup;
			children = (
				84171FB11CD1B0CF0034DA4D /* AboutMe */,
				84171FC61CD1B0CF0034DA4D /* AboutMeTests */,
				84171FD11CD1B0CF0034DA4D /* AboutMeUITests */,
				84171FB01CD1B0CF0034DA4D /* Products */,
			);
			sourceTree = "<group>";
		};
		84171FB01CD1B0CF0034DA4D /* Products */ = {
			isa = PBXGroup;
			children = (
				84171FAF1CD1B0CF0034DA4D /* AboutMe.app */,
				84171FC31CD1B0CF0034DA4D /* AboutMeTests.xctest */,
				84171FCE1CD1B0CF0034DA4D /* AboutMeUITests.xctest */,
			);
			name = Products;
			sourceTree = "<group>";
		};
		84171FB11CD1B0CF0034DA4D /* AboutMe */ = {
			isa = PBXGroup;
			children = (
				84171FB21CD1B0CF0034DA4D /* AppDelegate.swift */,
				84171FB41CD1B0CF0034DA4D /* ViewController.swift */,
				84171FB61CD1B0CF0034DA4D /* Main.storyboard */,
				84171FB91CD1B0CF0034DA4D /* Assets.xcassets */,
				84171FBB1CD1B0CF0034DA4D /* LaunchScreen.storyboard */,
				84171FBE1CD1B0CF0034DA4D /* Info.plist */,
			);
			path = AboutMe;
			sourceTree = "<group>";
		};
		84171FC61CD1B0CF0034DA4D /* AboutMeTests */ = {
			isa = PBXGroup;
			children = (
				84171FC71CD1B0CF0034DA4D /* AboutMeTests.swift */,
				84171FC91CD1B0CF0034DA4D /* Info.plist */,
			);
			path = AboutMeTests;
			sourceTree = "<group>";
		};
		84171FD11CD1B0CF0034DA4D /* AboutMeUITests */ = {
			isa = PBXGroup;
			children = (
				84171FD21CD1B0CF0034DA4D /* AboutMeUITests.swift */,
				84171FD41CD1B0CF0034DA4D /* Info.plist */,
			);
			path = AboutMeUITests;
			sourceTree = "<group>";
		};
/* End PBXGroup section */

/* Begin PBXNativeTarget section */
		84171FAE1CD1B0CF0034DA4D /* AboutMe */ = {
			isa = PBXNativeTarget;
			buildConfigurationList = 84171FD71CD1B0CF0034DA4D /* Build configuration list for PBXNativeTarget "AboutMe" */;
			buildPhases = (
				84171FAB1CD1B0CF0034DA4D /* Sources */,
				84171FAC1CD1B0CF0034DA4D /* Frameworks */,
				84171FAD1CD1B0CF0034DA4D /* Resources */,
			);
			buildRules = (
			);
			dependencies = (
			);
			name = AboutMe;
			productName = AboutMe;
			productReference = 84171FAF1CD1B0CF0034DA4D /* AboutMe.app */;
			productType = "com.apple.product-type.application";
		};
		84171FC21CD1B0CF0034DA4D /* AboutMeTests */ = {
			isa = PBXNativeTarget;
			buildConfigurationList = 84171FDA1CD1B0CF0034DA4D /* Build configuration list for PBXNativeTarget "AboutMeTests" */;
			buildPhases = (
				84171FBF1CD1B0CF0034DA4D /* Sources */,
				84171FC01CD1B0CF0034DA4D /* Frameworks */,
				84171FC11CD1B0CF0034DA4D /* Resources */,
			);
			buildRules = (
			);
			dependencies = (
				84171FC51CD1B0CF0034DA4D /* PBXTargetDependency */,
			);
			name = AboutMeTests;
			productName = AboutMeTests;
			productReference = 84171FC31CD1B0CF0034DA4D /* AboutMeTests.xctest */;
			productType = "com.apple.product-type.bundle.unit-test";
		};
		84171FCD1CD1B0CF0034DA4D /* AboutMeUITests */ = {
			isa = PBXNativeTarget;
			buildConfigurationList = 84171FDD1CD1B0CF0034DA4D /* Build configuration list for PBXNativeTarget "AboutMeUITests" */;
			buildPhases = (
				84171FCA1CD1B0CF0034DA4D /* Sources */,
				84171FCB1CD1B0CF0034DA4D /* Frameworks */,
				84171FCC1CD1B0CF0034DA4D /* Resources */,
			);
			buildRules = (
			);
			dependencies = (
				84171FD01CD1B0CF0034DA4D /* PBXTargetDependency */,
			);
			name = AboutMeUITests;
			productName = AboutMeUITests;
			productReference = 84171FCE1CD1B0CF0034DA4D /* AboutMeUITests.xctest */;
			productType = "com.apple.product-type.bundle.ui-testing";
		};
/* End PBXNativeTarget section */

/* Begin PBXProject section */
		84171FA71CD1B0CF0034DA4D /* Project object */ = {
			isa = PBXProject;
			attributes = {
				LastSwiftUpdateCheck = 0730;
				LastUpgradeCheck = 0730;
				ORGANIZATIONNAME = "KV Machine";
				TargetAttributes = {
					84171FAE1CD1B0CF0034DA4D = {
						CreatedOnToolsVersion = 7.3;
					};
					84171FC21CD1B0CF0034DA4D = {
						CreatedOnToolsVersion = 7.3;
						TestTargetID = 84171FAE1CD1B0CF0034DA4D;
					};
					84171FCD1CD1B0CF0034DA4D = {
						CreatedOnToolsVersion = 7.3;
						TestTargetID = 84171FAE1CD1B0CF0034DA4D;
					};
				};
			};
			buildConfigurationList = 84171FAA1CD1B0CF0034DA4D /* Build configuration list for PBXProject "AboutMe" */;
			compatibilityVersion = "Xcode 3.2";
			developmentRegion = English;
			hasScannedForEncodings = 0;
			knownRegions = (
				en,
				Base,
			);
			mainGroup = 84171FA61CD1B0CF0034DA4D;
			productRefGroup = 84171FB01CD1B0CF0034DA4D /* Products */;
			projectDirPath = "";
			projectRoot = "";
			targets = (
				84171FAE1CD1B0CF0034DA4D /* AboutMe */,
				84171FC21CD1B0CF0034DA4D /* AboutMeTests */,
				84171FCD1CD1B0CF0034DA4D /* AboutMeUITests */,
			);
		};
/* End PBXProject section */

/* Begin PBXResourcesBuildPhase section */
		84171FAD1CD1B0CF0034DA4D /* Resources */ = {
			isa = PBXResourcesBuildPhase;
			buildActionMask = 2147483647;
			files = (
				84171FBD1CD1B0CF0034DA4D /* LaunchScreen.storyboard in Resources */,
				84171FBA1CD1B0CF0034DA4D /* Assets.xcassets in Resources */,
				84171FB81CD1B0CF0034DA4D /* Main.storyboard in Resources */,
			);
			runOnlyForDeploymentPostprocessing = 0;
		};
		84171FC11CD1B0CF0034DA4D /* Resources */ = {
			isa = PBXResourcesBuildPhase;
			buildActionMask = 2147483647;
			files = (
			);
			runOnlyForDeploymentPostprocessing = 0;
		};
		84171FCC1CD1B0CF0034DA4D /* Resources */ = {
			isa = PBXResourcesBuildPhase;
			buildActionMask = 2147483647;
			files = (
			);
			runOnlyForDeploymentPostprocessing = 0;
		};
/* End PBXResourcesBuildPhase section */

/* Begin PBXSourcesBuildPhase section */
		84171FAB1CD1B0CF0034DA4D /* Sources */ = {
			isa = PBXSourcesBuildPhase;
			buildActionMask = 2147483647;
			files = (
				84171FB51CD1B0CF0034DA4D /* ViewController.swift in Sources */,
				84171FB31CD1B0CF0034DA4D /* AppDelegate.swift in Sources */,
			);
			runOnlyForDeploymentPostprocessing = 0;
		};
		84171FBF1CD1B0CF0034DA4D /* Sources */ = {
			isa = PBXSourcesBuildPhase;
			buildActionMask = 2147483647;
			files = (
				84171FC81CD1B0CF0034DA4D /* AboutMeTests.swift in Sources */,
			);
			runOnlyForDeploymentPostprocessing = 0;
		};
		84171FCA1CD1B0CF0034DA4D /* Sources */ = {
			isa = PBXSourcesBuildPhase;
			buildActionMask = 2147483647;
			files = (
				84171FD31CD1B0CF0034DA4D /* AboutMeUITests.swift in Sources */,
			);
			runOnlyForDeploymentPostprocessing = 0;
		};
/* End PBXSourcesBuildPhase section */

/* Begin PBXTargetDependency section */
		84171FC51CD1B0CF0034DA4D /* PBXTargetDependency */ = {
			isa = PBXTargetDependency;
			target = 84171FAE1CD1B0CF0034DA4D /* AboutMe */;
			targetProxy = 84171FC41CD1B0CF0034DA4D /* PBXContainerItemProxy */;
		};
		84171FD01CD1B0CF0034DA4D /* PBXTargetDependency */ = {
			isa = PBXTargetDependency;
			target = 84171FAE1CD1B0CF0034DA4D /* AboutMe */;
			targetProxy = 84171FCF1CD1B0CF0034DA4D /* PBXContainerItemProxy */;
		};
/* End PBXTargetDependency section */

/* Begin PBXVariantGroup section */
		84171FB61CD1B0CF0034DA4D /* Main.storyboard */ = {
			isa = PBXVariantGroup;
			children = (
				84171FB71CD1B0CF0034DA4D /* Base */,
			);
			name = Main.storyboard;
			sourceTree = "<group>";
		};
		84171FBB1CD1B0CF0034DA4D /* LaunchScreen.storyboard */ = {
			isa = PBXVariantGroup;
			children = (
				84171FBC1CD1B0CF0034DA4D /* Base */,
			);
			name = LaunchScreen.storyboard;
			sourceTree = "<group>";
		};
/* End PBXVariantGroup section */

/* Begin XCBuildConfiguration section */
		84171FD51CD1B0CF0034DA4D /* Debug */ = {
			isa = XCBuildConfiguration;
			buildSettings = {
				ALWAYS_SEARCH_USER_PATHS = NO;
				CLANG_ANALYZER_NONNULL = YES;
				CLANG_CXX_LANGUAGE_STANDARD = "gnu++0x";
				CLANG_CXX_LIBRARY = "libc++";
				CLANG_ENABLE_MODULES = YES;
				CLANG_ENABLE_OBJC_ARC = YES;
				CLANG_WARN_BOOL_CONVERSION = YES;
				CLANG_WARN_CONSTANT_CONVERSION = YES;
				CLANG_WARN_DIRECT_OBJC_ISA_USAGE = YES_ERROR;
				CLANG_WARN_EMPTY_BODY = YES;
				CLANG_WARN_ENUM_CONVERSION = YES;
				CLANG_WARN_INT_CONVERSION = YES;
				CLANG_WARN_OBJC_ROOT_CLASS = YES_ERROR;
				CLANG_WARN_UNREACHABLE_CODE = YES;
				CLANG_WARN__DUPLICATE_METHOD_MATCH = YES;
				"CODE_SIGN_IDENTITY[sdk=iphoneos*]" = "iPhone Developer";
				COPY_PHASE_STRIP = NO;
				DEBUG_INFORMATION_FORMAT = dwarf;
				ENABLE_STRICT_OBJC_MSGSEND = YES;
				ENABLE_TESTABILITY = YES;
				GCC_C_LANGUAGE_STANDARD = gnu99;
				GCC_DYNAMIC_NO_PIC = NO;
				GCC_NO_COMMON_BLOCKS = YES;
				GCC_OPTIMIZATION_LEVEL = 0;
				GCC_PREPROCESSOR_DEFINITIONS = (
					"DEBUG=1",
					"$(inherited)",
				);
				GCC_WARN_64_TO_32_BIT_CONVERSION = YES;
				GCC_WARN_ABOUT_RETURN_TYPE = YES_ERROR;
				GCC_WARN_UNDECLARED_SELECTOR = YES;
				GCC_WARN_UNINITIALIZED_AUTOS = YES_AGGRESSIVE;
				GCC_WARN_UNUSED_FUNCTION = YES;
				GCC_WARN_UNUSED_VARIABLE = YES;
				IPHONEOS_DEPLOYMENT_TARGET = 9.3;
				MTL_ENABLE_DEBUG_INFO = YES;
				ONLY_ACTIVE_ARCH = YES;
				SDKROOT = iphoneos;
				SWIFT_OPTIMIZATION_LEVEL = "-Onone";
				TARGETED_DEVICE_FAMILY = "1,2";
			};
			name = Debug;
		};
		84171FD61CD1B0CF0034DA4D /* Release */ = {
			isa = XCBuildConfiguration;
			buildSettings = {
				ALWAYS_SEARCH_USER_PATHS = NO;
				CLANG_ANALYZER_NONNULL = YES;
				CLANG_CXX_LANGUAGE_STANDARD = "gnu++0x";
				CLANG_CXX_LIBRARY = "libc++";
				CLANG_ENABLE_MODULES = YES;
				CLANG_ENABLE_OBJC_ARC = YES;
				CLANG_WARN_BOOL_CONVERSION = YES;
				CLANG_WARN_CONSTANT_CONVERSION = YES;
				CLANG_WARN_DIRECT_OBJC_ISA_USAGE = YES_ERROR;
				CLANG_WARN_EMPTY_BODY = YES;
				CLANG_WARN_ENUM_CONVERSION = YES;
				CLANG_WARN_INT_CONVERSION = YES;
				CLANG_WARN_OBJC_ROOT_CLASS = YES_ERROR;
				CLANG_WARN_UNREACHABLE_CODE = YES;
				CLANG_WARN__DUPLICATE_METHOD_MATCH = YES;
				"CODE_SIGN_IDENTITY[sdk=iphoneos*]" = "iPhone Developer";
				COPY_PHASE_STRIP = NO;
				DEBUG_INFORMATION_FORMAT = "dwarf-with-dsym";
				ENABLE_NS_ASSERTIONS = NO;
				ENABLE_STRICT_OBJC_MSGSEND = YES;
				GCC_C_LANGUAGE_STANDARD = gnu99;
				GCC_NO_COMMON_BLOCKS = YES;
				GCC_WARN_64_TO_32_BIT_CONVERSION = YES;
				GCC_WARN_ABOUT_RETURN_TYPE = YES_ERROR;
				GCC_WARN_UNDECLARED_SELECTOR = YES;
				GCC_WARN_UNINITIALIZED_AUTOS = YES_AGGRESSIVE;
				GCC_WARN_UNUSED_FUNCTION = YES;
				GCC_WARN_UNUSED_VARIABLE = YES;
				IPHONEOS_DEPLOYMENT_TARGET = 9.3;
				MTL_ENABLE_DEBUG_INFO = NO;
				SDKROOT = iphoneos;
				TARGETED_DEVICE_FAMILY = "1,2";
				VALIDATE_PRODUCT = YES;
			};
			name = Release;
		};
		84171FD81CD1B0CF0034DA4D /* Debug */ = {
			isa = XCBuildConfiguration;
			buildSettings = {
				ASSETCATALOG_COMPILER_APPICON_NAME = AppIcon;
				INFOPLIST_FILE = AboutMe/Info.plist;
				LD_RUNPATH_SEARCH_PATHS = "$(inherited) @executable_path/Frameworks";
				PRODUCT_BUNDLE_IDENTIFIER = com.KVMachine.AboutMe;
				PRODUCT_NAME = "$(TARGET_NAME)";
			};
			name = Debug;
		};
		84171FD91CD1B0CF0034DA4D /* Release */ = {
			isa = XCBuildConfiguration;
			buildSettings = {
				ASSETCATALOG_COMPILER_APPICON_NAME = AppIcon;
				INFOPLIST_FILE = AboutMe/Info.plist;
				LD_RUNPATH_SEARCH_PATHS = "$(inherited) @executable_path/Frameworks";
				PRODUCT_BUNDLE_IDENTIFIER = com.KVMachine.AboutMe;
				PRODUCT_NAME = "$(TARGET_NAME)";
			};
			name = Release;
		};
		84171FDB1CD1B0CF0034DA4D /* Debug */ = {
			isa = XCBuildConfiguration;
			buildSettings = {
				BUNDLE_LOADER = "$(TEST_HOST)";
				INFOPLIST_FILE = AboutMeTests/Info.plist;
				LD_RUNPATH_SEARCH_PATHS = "$(inherited) @executable_path/Frameworks @loader_path/Frameworks";
				PRODUCT_BUNDLE_IDENTIFIER = com.KVMachine.AboutMeTests;
				PRODUCT_NAME = "$(TARGET_NAME)";
				TEST_HOST = "$(BUILT_PRODUCTS_DIR)/AboutMe.app/AboutMe";
			};
			name = Debug;
		};
		84171FDC1CD1B0CF0034DA4D /* Release */ = {
			isa = XCBuildConfiguration;
			buildSettings = {
				BUNDLE_LOADER = "$(TEST_HOST)";
				INFOPLIST_FILE = AboutMeTests/Info.plist;
				LD_RUNPATH_SEARCH_PATHS = "$(inherited) @executable_path/Frameworks @loader_path/Frameworks";
				PRODUCT_BUNDLE_IDENTIFIER = com.KVMachine.AboutMeTests;
				PRODUCT_NAME = "$(TARGET_NAME)";
				TEST_HOST = "$(BUILT_PRODUCTS_DIR)/AboutMe.app/AboutMe";
			};
			name = Release;
		};
		84171FDE1CD1B0CF0034DA4D /* Debug */ = {
			isa = XCBuildConfiguration;
			buildSettings = {
				INFOPLIST_FILE = AboutMeUITests/Info.plist;
				LD_RUNPATH_SEARCH_PATHS = "$(inherited) @executable_path/Frameworks @loader_path/Frameworks";
				PRODUCT_BUNDLE_IDENTIFIER = com.KVMachine.AboutMeUITests;
				PRODUCT_NAME = "$(TARGET_NAME)";
				TEST_TARGET_NAME = AboutMe;
			};
			name = Debug;
		};
		84171FDF1CD1B0CF0034DA4D /* Release */ = {
			isa = XCBuildConfiguration;
			buildSettings = {
				INFOPLIST_FILE = AboutMeUITests/Info.plist;
				LD_RUNPATH_SEARCH_PATHS = "$(inherited) @executable_path/Frameworks @loader_path/Frameworks";
				PRODUCT_BUNDLE_IDENTIFIER = com.KVMachine.AboutMeUITests;
				PRODUCT_NAME = "$(TARGET_NAME)";
				TEST_TARGET_NAME = AboutMe;
			};
			name = Release;
		};
/* End XCBuildConfiguration section */

/* Begin XCConfigurationList section */
		84171FAA1CD1B0CF0034DA4D /* Build configuration list for PBXProject "AboutMe" */ = {
			isa = XCConfigurationList;
			buildConfigurations = (
				84171FD51CD1B0CF0034DA4D /* Debug */,
				84171FD61CD1B0CF0034DA4D /* Release */,
			);
			defaultConfigurationIsVisible = 0;
			defaultConfigurationName = Release;
		};
		84171FD71CD1B0CF0034DA4D /* Build configuration list for PBXNativeTarget "AboutMe" */ = {
			isa = XCConfigurationList;
			buildConfigurations = (
				84171FD81CD1B0CF0034DA4D /* Debug */,
				84171FD91CD1B0CF0034DA4D /* Release */,
			);
			defaultConfigurationIsVisible = 0;
		};
		84171FDA1CD1B0CF0034DA4D /* Build configuration list for PBXNativeTarget "AboutMeTests" */ = {
			isa = XCConfigurationList;
			buildConfigurations = (
				84171FDB1CD1B0CF0034DA4D /* Debug */,
				84171FDC1CD1B0CF0034DA4D /* Release */,
			);
			defaultConfigurationIsVisible = 0;
		};
		84171FDD1CD1B0CF0034DA4D /* Build configuration list for PBXNativeTarget "AboutMeUITests" */ = {
			isa = XCConfigurationList;
			buildConfigurations = (
				84171FDE1CD1B0CF0034DA4D /* Debug */,
				84171FDF1CD1B0CF0034DA4D /* Release */,
			);
			defaultConfigurationIsVisible = 0;
		};
/* End XCConfigurationList section */
	};
	rootObject = 84171FA71CD1B0CF0034DA4D /* Project object */;
}
